
Microsoft Visual Studio Solution File, Format Version 12.00
# Visual Studio Version 16
VisualStudioVersion = 16.0.30128.74
MinimumVisualStudioVersion = 10.0.40219.1
Project("{FAE04EC0-301F-11D3-BF4B-00C04F79EFBC}") = "Swagger_JWT", "Swagger_JWT\Swagger_JWT.csproj", "{772CE924-30CC-4DB6-9291-45CC1A04D93B}"
EndProject
Project("{FAE04EC0-301F-11D3-BF4B-00C04F79EFBC}") = "Swagger_JWT.Common", "Swagger_JWT.Common\Swagger_JWT.Common.csproj", "{F13BBB02-0ACB-4FDE-883F-CAE6D3035EDB}"
EndProject
Global
	GlobalSection(SolutionConfigurationPlatforms) = preSolution
		Debug|Any CPU = Debug|Any CPU
		Release|Any CPU = Release|Any CPU
	EndGlobalSection
	GlobalSection(ProjectConfigurationPlatforms) = postSolution
		{772CE924-30CC-4DB6-9291-45CC1A04D93B}.Debug|Any CPU.ActiveCfg = Debug|Any CPU
		{772CE924-30CC-4DB6-9291-45CC1A04D93B}.Debug|Any CPU.Build.0 = Debug|Any CPU
		{772CE924-30CC-4DB6-9291-45CC1A04D93B}.Release|Any CPU.ActiveCfg = Release|Any CPU
		{772CE924-30CC-4DB6-9291-45CC1A04D93B}.Release|Any CPU.Build.0 = Release|Any CPU
		{F13BBB02-0ACB-4FDE-883F-CAE6D3035EDB}.Debug|Any CPU.ActiveCfg = Debug|Any CPU
		{F13BBB02-0ACB-4FDE-883F-CAE6D3035EDB}.Debug|Any CPU.Build.0 = Debug|Any CPU
		{F13BBB02-0ACB-4FDE-883F-CAE6D3035EDB}.Release|Any CPU.ActiveCfg = Release|Any CPU
		{F13BBB02-0ACB-4FDE-883F-CAE6D3035EDB}.Release|Any CPU.Build.0 = Release|Any CPU
	EndGlobalSection
	GlobalSection(SolutionProperties) = preSolution
		HideSolutionNode = FALSE
	EndGlobalSection
	GlobalSection(ExtensibilityGlobals) = postSolution
		SolutionGuid = {95A1DC33-F69B-4976-B2F1-409B13BD73B0}
	EndGlobalSection
EndGlobal
